
Microsoft Visual Studio Solution File, Format Version 12.00
# Visual Studio Version 16
VisualStudioVersion = 16.0.31515.178
MinimumVisualStudioVersion = 10.0.40219.1
Project("{FAE04EC0-301F-11D3-BF4B-00C04F79EFBC}") = "Courser", "Courser\Courser.csproj", "{4F08F1A8-A888-4A27-8FE4-C7977416D215}"
EndProject
Global
	GlobalSection(SolutionConfigurationPlatforms) = preSolution
		Debug|Any CPU = Debug|Any CPU
		Release|Any CPU = Release|Any CPU
	EndGlobalSection
	GlobalSection(ProjectConfigurationPlatforms) = postSolution
		{4F08F1A8-A888-4A27-8FE4-C7977416D215}.Debug|Any CPU.ActiveCfg = Debug|Any CPU
		{4F08F1A8-A888-4A27-8FE4-C7977416D215}.Debug|Any CPU.Build.0 = Debug|Any CPU
		{4F08F1A8-A888-4A27-8FE4-C7977416D215}.Release|Any CPU.ActiveCfg = Release|Any CPU
		{4F08F1A8-A888-4A27-8FE4-C7977416D215}.Release|Any CPU.Build.0 = Release|Any CPU
	EndGlobalSection
	GlobalSection(SolutionProperties) = preSolution
		HideSolutionNode = FALSE
	EndGlobalSection
	GlobalSection(ExtensibilityGlobals) = postSolution
		SolutionGuid = {05D2AB70-D43D-4121-B1E5-D4A0C1AEEF15}
	EndGlobalSection
EndGlobal
